
Microsoft Visual Studio Solution File, Format Version 12.00
# Visual Studio Version 17
VisualStudioVersion = 17.0.32112.339
MinimumVisualStudioVersion = 10.0.40219.1
Project("{FAE04EC0-301F-11D3-BF4B-00C04F79EFBC}") = "TaskManager", "TaskManager\TaskManager.csproj", "{4B1E0FA8-91A1-4211-A9CA-C4F2547A4049}"
EndProject
Global
	GlobalSection(SolutionConfigurationPlatforms) = preSolution
		Debug|Any CPU = Debug|Any CPU
		Release|Any CPU = Release|Any CPU
	EndGlobalSection
	GlobalSection(ProjectConfigurationPlatforms) = postSolution
		{4B1E0FA8-91A1-4211-A9CA-C4F2547A4049}.Debug|Any CPU.ActiveCfg = Debug|Any CPU
		{4B1E0FA8-91A1-4211-A9CA-C4F2547A4049}.Debug|Any CPU.Build.0 = Debug|Any CPU
		{4B1E0FA8-91A1-4211-A9CA-C4F2547A4049}.Release|Any CPU.ActiveCfg = Release|Any CPU
		{4B1E0FA8-91A1-4211-A9CA-C4F2547A4049}.Release|Any CPU.Build.0 = Release|Any CPU
	EndGlobalSection
	GlobalSection(SolutionProperties) = preSolution
		HideSolutionNode = FALSE
	EndGlobalSection
	GlobalSection(ExtensibilityGlobals) = postSolution
		SolutionGuid = {0BF3B9D4-EA0D-44B1-8CAA-BB37534507A0}
	EndGlobalSection
EndGlobal
